filippo.io/edwards25519 v1.2.0 h1:crnVqOiS4jqYleHd9vaKZ+HKtHfllngJIiOpNpoJsjo=
filippo.io/edwards25519 v1.2.0/go.mod h1:xzAOLCNug/yB62zG1bQ8uziwrIqIuxhctzJT18Q77mc=
github.com/pierrec/lz4/v4 v4.1.26 h1:GrpZw1gZttORinvzBdXPUXATeqlJjqUG/D87TKMnhjY=
github.com/pierrec/lz4/v4 v4.1.26/go.mod h1:EoQMVJgeeEOMsCqCzqFm2O0cJvljX2nGZjcRIPL34O4=
github.com/xssnick/raptorq v1.4.0 h1:Bms8lgT7aEPRP8YBRuS+8w7Cic8GP9BbvFT1NrWvi24=
github.com/xssnick/raptorq v1.4.0/go.mod h1:mo5n6T4yaqZkNVMWonRuMS0tcyD4XQ6PwwTjaY3ZwQY=
github.com/xssnick/tonutils-go v1.17.1 h1:VQyQMApC60HztJGkNy1NlroPgIcdltRkI/+E3BvhAq0=
github.com/xssnick/tonutils-go v1.17.1/go.mod h1:Ind3q0JM2N/63zfWR7rSGmUpUZaiGxregm9nZc/xGx4=
github.com/xssnick/tonutils-storage-provider v0.4.1 h1:VeNs3vxXedStVjjBfpcknLarFWQ2WNUwhNzO0hBeCIE=
github.com/xssnick/tonutils-storage-provider v0.4.1/go.mod h1:pKD0aAEqw44ZFSjnoCbZ9hEAn0JduGLBt+DIVv+KW+A=
